// !$*UTF8*$!
{
	archiveVersion = 1;
	classes = {
	};
	objectVersion = 52;
	objects = {

/* Begin PBXBuildFile section */
		3147D623241906FD00E741D3 /* Assets.xcassets in Resources */ = {isa = PBXBuildFile; fileRef = 3147D622241906FD00E741D3 /* Assets.xcassets */; };
		3147D626241906FD00E741D3 /* LaunchScreen.storyboard in Resources */ = {isa = PBXBuildFile; fileRef = 3147D624241906FD00E741D3 /* LaunchScreen.storyboard */; };
		31981E49241919D300D25074 /* CustomTextField.xib in Resources */ = {isa = PBXBuildFile; fileRef = 31981E48241919D300D25074 /* CustomTextField.xib */; };
		31981E4B24191A4500D25074 /* CustomTextField.swift in Sources */ = {isa = PBXBuildFile; fileRef = 31981E4A24191A4500D25074 /* CustomTextField.swift */; };
		31981E4D24191C2F00D25074 /* CustomTextField-Models.swift in Sources */ = {isa = PBXBuildFile; fileRef = 31981E4C24191C2F00D25074 /* CustomTextField-Models.swift */; };
		4108D8D12762276800880E0B /* SignUpProtocols.swift in Sources */ = {isa = PBXBuildFile; fileRef = 4108D8D02762276800880E0B /* SignUpProtocols.swift */; };
		4108D8D32762286400880E0B /* Enumerations.swift in Sources */ = {isa = PBXBuildFile; fileRef = 4108D8D22762286400880E0B /* Enumerations.swift */; };
		4108D8D52762287900880E0B /* Protocols.swift in Sources */ = {isa = PBXBuildFile; fileRef = 4108D8D42762287900880E0B /* Protocols.swift */; };
		4108D8DB27624C8600880E0B /* PersonalDetailsCollectionViewCellTextFields.swift in Sources */ = {isa = PBXBuildFile; fileRef = 4108D8DA27624C8600880E0B /* PersonalDetailsCollectionViewCellTextFields.swift */; };
		4108D8DF2762A45D00880E0B /* CustomStackView.swift in Sources */ = {isa = PBXBuildFile; fileRef = 4108D8DE2762A45D00880E0B /* CustomStackView.swift */; };
		410B31F3276B32C300CE4180 /* Countries.json in Resources */ = {isa = PBXBuildFile; fileRef = 410B31F2276B32C300CE4180 /* Countries.json */; };
		4114ABC8275F92C900F1AB01 /* SignUpCollectionView.swift in Sources */ = {isa = PBXBuildFile; fileRef = 4114ABC7275F92C900F1AB01 /* SignUpCollectionView.swift */; };
		4114ABCC275F94B400F1AB01 /* PersonalDetailsCollectionViewCell.swift in Sources */ = {isa = PBXBuildFile; fileRef = 4114ABCA275F94B400F1AB01 /* PersonalDetailsCollectionViewCell.swift */; };
		4114ABCD275F94B400F1AB01 /* PersonalDetailsCollectionViewCell.xib in Resources */ = {isa = PBXBuildFile; fileRef = 4114ABCB275F94B400F1AB01 /* PersonalDetailsCollectionViewCell.xib */; };
		4114ABD2275F960200F1AB01 /* AccountDetailsCollectionViewCell.swift in Sources */ = {isa = PBXBuildFile; fileRef = 4114ABD0275F960200F1AB01 /* AccountDetailsCollectionViewCell.swift */; };
		4114ABD3275F960200F1AB01 /* AccountDetailsCollectionViewCell.xib in Resources */ = {isa = PBXBuildFile; fileRef = 4114ABD1275F960200F1AB01 /* AccountDetailsCollectionViewCell.xib */; };
		4114ABD7275F966600F1AB01 /* SocialMediaDetailsCollectionViewCell.swift in Sources */ = {isa = PBXBuildFile; fileRef = 4114ABD5275F966600F1AB01 /* SocialMediaDetailsCollectionViewCell.swift */; };
		4114ABD8275F966600F1AB01 /* SocialMediaDetailsCollectionViewCell.xib in Resources */ = {isa = PBXBuildFile; fileRef = 4114ABD6275F966600F1AB01 /* SocialMediaDetailsCollectionViewCell.xib */; };
		411C7F6D274BA8FE00C9710A /* LoginRouter.swift in Sources */ = {isa = PBXBuildFile; fileRef = 411C7F69274BA8FE00C9710A /* LoginRouter.swift */; };
		411C7F6E274BA8FE00C9710A /* LoginViewController.swift in Sources */ = {isa = PBXBuildFile; fileRef = 411C7F6A274BA8FE00C9710A /* LoginViewController.swift */; };
		411C7F6F274BA8FE00C9710A /* LoginBuilder.swift in Sources */ = {isa = PBXBuildFile; fileRef = 411C7F6B274BA8FE00C9710A /* LoginBuilder.swift */; };
		411C7F70274BA8FE00C9710A /* LoginViewModel.swift in Sources */ = {isa = PBXBuildFile; fileRef = 411C7F6C274BA8FE00C9710A /* LoginViewModel.swift */; };
		411C7F72274BA91300C9710A /* LoginViewController.storyboard in Resources */ = {isa = PBXBuildFile; fileRef = 411C7F71274BA91300C9710A /* LoginViewController.storyboard */; };
		413193B6276FFDD60006FE7B /* WhereDoYouLiveCitiesSearchBar.swift in Sources */ = {isa = PBXBuildFile; fileRef = 413193B5276FFDD60006FE7B /* WhereDoYouLiveCitiesSearchBar.swift */; };
		413987002737F6F200C243F4 /* UIFont.swift in Sources */ = {isa = PBXBuildFile; fileRef = 413986FF2737F6F200C243F4 /* UIFont.swift */; };
		4139870E2737FA3500C243F4 /* StartupRouter.swift in Sources */ = {isa = PBXBuildFile; fileRef = 4139870A2737FA3500C243F4 /* StartupRouter.swift */; };
		4139870F2737FA3500C243F4 /* StartupViewController.swift in Sources */ = {isa = PBXBuildFile; fileRef = 4139870B2737FA3500C243F4 /* StartupViewController.swift */; };
		413987102737FA3500C243F4 /* StartupBuilder.swift in Sources */ = {isa = PBXBuildFile; fileRef = 4139870C2737FA3500C243F4 /* StartupBuilder.swift */; };
		413987112737FA3500C243F4 /* StartupViewModel.swift in Sources */ = {isa = PBXBuildFile; fileRef = 4139870D2737FA3500C243F4 /* StartupViewModel.swift */; };
		413987152738052C00C243F4 /* StartupViewController.storyboard in Resources */ = {isa = PBXBuildFile; fileRef = 413987142738052C00C243F4 /* StartupViewController.storyboard */; };
		415E597C2763EA7E009A013E /* WhereDoYouLiveCountriesRouter.swift in Sources */ = {isa = PBXBuildFile; fileRef = 415E59782763EA7E009A013E /* WhereDoYouLiveCountriesRouter.swift */; };
		415E597D2763EA7E009A013E /* WhereDoYouLiveCountriesViewController.swift in Sources */ = {isa = PBXBuildFile; fileRef = 415E59792763EA7E009A013E /* WhereDoYouLiveCountriesViewController.swift */; };
		415E597E2763EA7E009A013E /* WhereDoYouLiveCountriesBuilder.swift in Sources */ = {isa = PBXBuildFile; fileRef = 415E597A2763EA7E009A013E /* WhereDoYouLiveCountriesBuilder.swift */; };
		415E597F2763EA7E009A013E /* WhereDoYouLiveCountriesViewModel.swift in Sources */ = {isa = PBXBuildFile; fileRef = 415E597B2763EA7E009A013E /* WhereDoYouLiveCountriesViewModel.swift */; };
		415E59812763EA94009A013E /* WhereDoYouLiveCountriesViewController.storyboard in Resources */ = {isa = PBXBuildFile; fileRef = 415E59802763EA94009A013E /* WhereDoYouLiveCountriesViewController.storyboard */; };
		415E59832763EB4E009A013E /* WhereDoYouLiveCountriesTableView.swift in Sources */ = {isa = PBXBuildFile; fileRef = 415E59822763EB4E009A013E /* WhereDoYouLiveCountriesTableView.swift */; };
		415E59852763F28C009A013E /* PersonalDetailsCollectionViewCellViewModel.swift in Sources */ = {isa = PBXBuildFile; fileRef = 415E59842763F28C009A013E /* PersonalDetailsCollectionViewCellViewModel.swift */; };
		415E59902764F1F8009A013E /* WhereDoYouLiveCitiesRouter.swift in Sources */ = {isa = PBXBuildFile; fileRef = 415E598C2764F1F8009A013E /* WhereDoYouLiveCitiesRouter.swift */; };
		415E59912764F1F8009A013E /* WhereDoYouLiveCitiesViewController.swift in Sources */ = {isa = PBXBuildFile; fileRef = 415E598D2764F1F8009A013E /* WhereDoYouLiveCitiesViewController.swift */; };
		415E59922764F1F8009A013E /* WhereDoYouLiveCitiesBuilder.swift in Sources */ = {isa = PBXBuildFile; fileRef = 415E598E2764F1F8009A013E /* WhereDoYouLiveCitiesBuilder.swift */; };
		415E59932764F1F8009A013E /* WhereDoYouLiveCitiesViewModel.swift in Sources */ = {isa = PBXBuildFile; fileRef = 415E598F2764F1F8009A013E /* WhereDoYouLiveCitiesViewModel.swift */; };
		415E59952764F206009A013E /* WhereDoYouLiveCitiesViewController.storyboard in Resources */ = {isa = PBXBuildFile; fileRef = 415E59942764F206009A013E /* WhereDoYouLiveCitiesViewController.storyboard */; };
		415E599D27650C7C009A013E /* CountryDTO.swift in Sources */ = {isa = PBXBuildFile; fileRef = 415E599C27650C7C009A013E /* CountryDTO.swift */; };
		415E59A127650D77009A013E /* Country.swift in Sources */ = {isa = PBXBuildFile; fileRef = 415E59A027650D77009A013E /* Country.swift */; };
		417E58FF274D9CCD00447ED3 /* LoginTextFields.swift in Sources */ = {isa = PBXBuildFile; fileRef = 417E58FE274D9CCD00447ED3 /* LoginTextFields.swift */; };
		4187195C275BFA6D00C993BC /* Nunito-Black.ttf in Resources */ = {isa = PBXBuildFile; fileRef = 4104A8DB273848AC00F5946B /* Nunito-Black.ttf */; };
		4187195D275BFA6D00C993BC /* Nunito-BlackItalic.ttf in Resources */ = {isa = PBXBuildFile; fileRef = 4104A8D4273848AB00F5946B /* Nunito-BlackItalic.ttf */; };
		4187195E275BFA6D00C993BC /* Nunito-Bold.ttf in Resources */ = {isa = PBXBuildFile; fileRef = 4104A8DA273848AC00F5946B /* Nunito-Bold.ttf */; };
		4187195F275BFA6D00C993BC /* Nunito-BoldItalic.ttf in Resources */ = {isa = PBXBuildFile; fileRef = 4104A8DC273848AC00F5946B /* Nunito-BoldItalic.ttf */; };
		41871960275BFA6D00C993BC /* Nunito-ExtraBold.ttf in Resources */ = {isa = PBXBuildFile; fileRef = 4104A8D2273848AB00F5946B /* Nunito-ExtraBold.ttf */; };
		41871961275BFA6D00C993BC /* Nunito-ExtraBoldItalic.ttf in Resources */ = {isa = PBXBuildFile; fileRef = 4104A8D3273848AB00F5946B /* Nunito-ExtraBoldItalic.ttf */; };
		41871962275BFA6D00C993BC /* Nunito-ExtraLight.ttf in Resources */ = {isa = PBXBuildFile; fileRef = 4104A8D6273848AB00F5946B /* Nunito-ExtraLight.ttf */; };
		41871963275BFA6D00C993BC /* Nunito-ExtraLightItalic.ttf in Resources */ = {isa = PBXBuildFile; fileRef = 4104A8D0273848AB00F5946B /* Nunito-ExtraLightItalic.ttf */; };
		41871964275BFA6D00C993BC /* Nunito-Italic.ttf in Resources */ = {isa = PBXBuildFile; fileRef = 4104A8D8273848AB00F5946B /* Nunito-Italic.ttf */; };
		41871965275BFA6D00C993BC /* Nunito-Light.ttf in Resources */ = {isa = PBXBuildFile; fileRef = 4104A8D9273848AC00F5946B /* Nunito-Light.ttf */; };
		41871966275BFA6D00C993BC /* Nunito-LightItalic.ttf in Resources */ = {isa = PBXBuildFile; fileRef = 4104A8D1273848AB00F5946B /* Nunito-LightItalic.ttf */; };
		41871967275BFA6D00C993BC /* Nunito-Regular.ttf in Resources */ = {isa = PBXBuildFile; fileRef = 4104A8CF273848AA00F5946B /* Nunito-Regular.ttf */; };
		41871968275BFA6D00C993BC /* Nunito-SemiBold.ttf in Resources */ = {isa = PBXBuildFile; fileRef = 4104A8D7273848AB00F5946B /* Nunito-SemiBold.ttf */; };
		41871969275BFA6D00C993BC /* Nunito-SemiBoldItalic.ttf in Resources */ = {isa = PBXBuildFile; fileRef = 4104A8D5273848AB00F5946B /* Nunito-SemiBoldItalic.ttf */; };
		418AD20A275A6A51005AFE3C /* ForgotPasswordTextFields.swift in Sources */ = {isa = PBXBuildFile; fileRef = 418AD209275A6A51005AFE3C /* ForgotPasswordTextFields.swift */; };
		418C4140275A5E310099BC5B /* ForgotPasswordRouter.swift in Sources */ = {isa = PBXBuildFile; fileRef = 418C413C275A5E310099BC5B /* ForgotPasswordRouter.swift */; };
		418C4141275A5E310099BC5B /* ForgotPasswordViewController.swift in Sources */ = {isa = PBXBuildFile; fileRef = 418C413D275A5E310099BC5B /* ForgotPasswordViewController.swift */; };
		418C4142275A5E310099BC5B /* ForgotPasswordBuilder.swift in Sources */ = {isa = PBXBuildFile; fileRef = 418C413E275A5E310099BC5B /* ForgotPasswordBuilder.swift */; };
		418C4143275A5E310099BC5B /* ForgotPasswordViewModel.swift in Sources */ = {isa = PBXBuildFile; fileRef = 418C413F275A5E310099BC5B /* ForgotPasswordViewModel.swift */; };
		418C4145275A5F3F0099BC5B /* ForgotPasswordViewController.storyboard in Resources */ = {isa = PBXBuildFile; fileRef = 418C4144275A5F3F0099BC5B /* ForgotPasswordViewController.storyboard */; };
		41B75626275EE4CE00C00E03 /* SignUpRouter.swift in Sources */ = {isa = PBXBuildFile; fileRef = 41B75622275EE4CE00C00E03 /* SignUpRouter.swift */; };
		41B75627275EE4CE00C00E03 /* SignUpViewController.swift in Sources */ = {isa = PBXBuildFile; fileRef = 41B75623275EE4CE00C00E03 /* SignUpViewController.swift */; };
		41B75628275EE4CE00C00E03 /* SignUpBuilder.swift in Sources */ = {isa = PBXBuildFile; fileRef = 41B75624275EE4CE00C00E03 /* SignUpBuilder.swift */; };
		41B75629275EE4CE00C00E03 /* SignUpViewModel.swift in Sources */ = {isa = PBXBuildFile; fileRef = 41B75625275EE4CE00C00E03 /* SignUpViewModel.swift */; };
		41B7562B275EE50900C00E03 /* SignUpViewController.storyboard in Resources */ = {isa = PBXBuildFile; fileRef = 41B7562A275EE50900C00E03 /* SignUpViewController.storyboard */; };
		41BFE16B276539BC00AC5570 /* CountryTableViewCell.swift in Sources */ = {isa = PBXBuildFile; fileRef = 41BFE169276539BC00AC5570 /* CountryTableViewCell.swift */; };
		41BFE16C276539BC00AC5570 /* CountryTableViewCell.xib in Resources */ = {isa = PBXBuildFile; fileRef = 41BFE16A276539BC00AC5570 /* CountryTableViewCell.xib */; };
		41BFE17027653A6300AC5570 /* CountryTableViewCellSummary.swift in Sources */ = {isa = PBXBuildFile; fileRef = 41BFE16F27653A6300AC5570 /* CountryTableViewCellSummary.swift */; };
		41BFE174276618C900AC5570 /* CityTableViewCell.swift in Sources */ = {isa = PBXBuildFile; fileRef = 41BFE172276618C900AC5570 /* CityTableViewCell.swift */; };
		41BFE175276618C900AC5570 /* CityTableViewCell.xib in Resources */ = {isa = PBXBuildFile; fileRef = 41BFE173276618C900AC5570 /* CityTableViewCell.xib */; };
		41BFE177276618E400AC5570 /* CityTableViewCellSummary.swift in Sources */ = {isa = PBXBuildFile; fileRef = 41BFE176276618E400AC5570 /* CityTableViewCellSummary.swift */; };
		41BFE17927661A2D00AC5570 /* WhereDoYouLiveCitiesTableView.swift in Sources */ = {isa = PBXBuildFile; fileRef = 41BFE17827661A2D00AC5570 /* WhereDoYouLiveCitiesTableView.swift */; };
		41F820BA276D077B0046B0EA /* NotificationName.swift in Sources */ = {isa = PBXBuildFile; fileRef = 41F820B9276D077B0046B0EA /* NotificationName.swift */; };
		41F820C7276FD83B0046B0EA /* WhereCanWeFindYouRouter.swift in Sources */ = {isa = PBXBuildFile; fileRef = 41F820C3276FD83B0046B0EA /* WhereCanWeFindYouRouter.swift */; };
		41F820C8276FD83B0046B0EA /* WhereCanWeFindYouViewController.swift in Sources */ = {isa = PBXBuildFile; fileRef = 41F820C4276FD83B0046B0EA /* WhereCanWeFindYouViewController.swift */; };
		41F820C9276FD83B0046B0EA /* WhereCanWeFindYouBuilder.swift in Sources */ = {isa = PBXBuildFile; fileRef = 41F820C5276FD83B0046B0EA /* WhereCanWeFindYouBuilder.swift */; };
		41F820CA276FD83B0046B0EA /* WhereCanWeFindYouViewModel.swift in Sources */ = {isa = PBXBuildFile; fileRef = 41F820C6276FD83B0046B0EA /* WhereCanWeFindYouViewModel.swift */; };
		41F820CC276FD8510046B0EA /* WhereCanWeFindYouViewController.storyboard in Resources */ = {isa = PBXBuildFile; fileRef = 41F820CB276FD8510046B0EA /* WhereCanWeFindYouViewController.storyboard */; };
		41F820CE276FDE260046B0EA /* WhereDoYouLiveCountriesSearchBar.swift in Sources */ = {isa = PBXBuildFile; fileRef = 41F820CD276FDE260046B0EA /* WhereDoYouLiveCountriesSearchBar.swift */; };
		41F820D0276FE5920046B0EA /* SearchBar.swift in Sources */ = {isa = PBXBuildFile; fileRef = 41F820CF276FE5920046B0EA /* SearchBar.swift */; };
		943CE5FD2546DFBC00CA93AA /* CustomView.swift in Sources */ = {isa = PBXBuildFile; fileRef = 943CE5FA2546DFBC00CA93AA /* CustomView.swift */; };
		943CE5FE2546DFBC00CA93AA /* CustomButton.swift in Sources */ = {isa = PBXBuildFile; fileRef = 943CE5FB2546DFBC00CA93AA /* CustomButton.swift */; };
		943CE5FF2546DFBC00CA93AA /* CustomImageView.swift in Sources */ = {isa = PBXBuildFile; fileRef = 943CE5FC2546DFBC00CA93AA /* CustomImageView.swift */; };
		945B15AC25595DC9003A65E0 /* TableParent.swift in Sources */ = {isa = PBXBuildFile; fileRef = 945B159925595DC9003A65E0 /* TableParent.swift */; };
		945B15AE25595DC9003A65E0 /* Dynamic.swift in Sources */ = {isa = PBXBuildFile; fileRef = 945B159B25595DC9003A65E0 /* Dynamic.swift */; };
		945B15B025595DC9003A65E0 /* CellsHelper.swift in Sources */ = {isa = PBXBuildFile; fileRef = 945B159D25595DC9003A65E0 /* CellsHelper.swift */; };
		945B15B125595DC9003A65E0 /* ViewModel.swift in Sources */ = {isa = PBXBuildFile; fileRef = 945B159E25595DC9003A65E0 /* ViewModel.swift */; };
		945B15B325595DC9003A65E0 /* UIColor.swift in Sources */ = {isa = PBXBuildFile; fileRef = 945B15A125595DC9003A65E0 /* UIColor.swift */; };
		945B15B425595DC9003A65E0 /* Int.swift in Sources */ = {isa = PBXBuildFile; fileRef = 945B15A225595DC9003A65E0 /* Int.swift */; };
		945B15B525595DC9003A65E0 /* UITableViewCell.swift in Sources */ = {isa = PBXBuildFile; fileRef = 945B15A325595DC9003A65E0 /* UITableViewCell.swift */; };
		945B15B825595DC9003A65E0 /* UIImage.swift in Sources */ = {isa = PBXBuildFile; fileRef = 945B15A625595DC9003A65E0 /* UIImage.swift */; };
		945B15B925595DC9003A65E0 /* Presenter.swift in Sources */ = {isa = PBXBuildFile; fileRef = 945B15A725595DC9003A65E0 /* Presenter.swift */; };
		945B15BB25595DC9003A65E0 /* Window.swift in Sources */ = {isa = PBXBuildFile; fileRef = 945B15A925595DC9003A65E0 /* Window.swift */; };
		945B15BD25595DC9003A65E0 /* Cache.swift in Sources */ = {isa = PBXBuildFile; fileRef = 945B15AB25595DC9003A65E0 /* Cache.swift */; };
		A01CC49125D2FB3700404685 /* LocalizedKey.swift in Sources */ = {isa = PBXBuildFile; fileRef = A01CC49025D2FB3700404685 /* LocalizedKey.swift */; };
		CCB0200A26A6EC2500214CB9 /* IQKeyboardManagerSwift in Frameworks */ = {isa = PBXBuildFile; productRef = CCB0200926A6EC2500214CB9 /* IQKeyboardManagerSwift */; };
		CCB0202A26A6EE3400214CB9 /* AppDelegate.swift in Sources */ = {isa = PBXBuildFile; fileRef = CCB0201326A6EE3400214CB9 /* AppDelegate.swift */; };
		CCB0202B26A6EE3400214CB9 /* SceneDelegate.swift in Sources */ = {isa = PBXBuildFile; fileRef = CCB0201426A6EE3400214CB9 /* SceneDelegate.swift */; };
		CCB0205326A6EF6500214CB9 /* Container.swift in Sources */ = {isa = PBXBuildFile; fileRef = CCB0205226A6EF6500214CB9 /* Container.swift */; };
		CCB0206726A6F04500214CB9 /* ViewController.swift in Sources */ = {isa = PBXBuildFile; fileRef = CCB0206026A6F04500214CB9 /* ViewController.swift */; };
		CCB0207526A6F12000214CB9 /* Date.swift in Sources */ = {isa = PBXBuildFile; fileRef = CCB0207126A6F12000214CB9 /* Date.swift */; };
		CCB0207626A6F12000214CB9 /* String.swift in Sources */ = {isa = PBXBuildFile; fileRef = CCB0207226A6F12000214CB9 /* String.swift */; };
		CCB0207826A6F12000214CB9 /* Array.swift in Sources */ = {isa = PBXBuildFile; fileRef = CCB0207426A6F12000214CB9 /* Array.swift */; };
		E3D14DCD242D081B00436D51 /* Constants.swift in Sources */ = {isa = PBXBuildFile; fileRef = E3D14DCC242D081B00436D51 /* Constants.swift */; };
/* End PBXBuildFile section */

/* Begin PBXFileReference section */
		3147D616241906FB00E741D3 /* LostAnimals.app */ = {isa = PBXFileReference; explicitFileType = wrapper.application; includeInIndex = 0; path = LostAnimals.app; sourceTree = BUILT_PRODUCTS_DIR; };
		3147D622241906FD00E741D3 /* Assets.xcassets */ = {isa = PBXFileReference; lastKnownFileType = folder.assetcatalog; path = Assets.xcassets; sourceTree = "<group>"; };
		3147D625241906FD00E741D3 /* Base */ = {isa = PBXFileReference; lastKnownFileType = file.storyboard; name = Base; path = Base.lproj/LaunchScreen.storyboard; sourceTree = "<group>"; };
		31981E48241919D300D25074 /* CustomTextField.xib */ = {isa = PBXFileReference; lastKnownFileType = file.xib; path = CustomTextField.xib; sourceTree = "<group>"; };
		31981E4A24191A4500D25074 /* CustomTextField.swift */ = {isa = PBXFileReference; lastKnownFileType = sourcecode.swift; path = CustomTextField.swift; sourceTree = "<group>"; };
		31981E4C24191C2F00D25074 /* CustomTextField-Models.swift */ = {isa = PBXFileReference; lastKnownFileType = sourcecode.swift; path = "CustomTextField-Models.swift"; sourceTree = "<group>"; };
		4104A8CF273848AA00F5946B /* Nunito-Regular.ttf */ = {isa = PBXFileReference; lastKnownFileType = file; path = "Nunito-Regular.ttf"; sourceTree = "<group>"; };
		4104A8D0273848AB00F5946B /* Nunito-ExtraLightItalic.ttf */ = {isa = PBXFileReference; lastKnownFileType = file; path = "Nunito-ExtraLightItalic.ttf"; sourceTree = "<group>"; };
		4104A8D1273848AB00F5946B /* Nunito-LightItalic.ttf */ = {isa = PBXFileReference; lastKnownFileType = file; path = "Nunito-LightItalic.ttf"; sourceTree = "<group>"; };
		4104A8D2273848AB00F5946B /* Nunito-ExtraBold.ttf */ = {isa = PBXFileReference; lastKnownFileType = file; path = "Nunito-ExtraBold.ttf"; sourceTree = "<group>"; };
		4104A8D3273848AB00F5946B /* Nunito-ExtraBoldItalic.ttf */ = {isa = PBXFileReference; lastKnownFileType = file; path = "Nunito-ExtraBoldItalic.ttf"; sourceTree = "<group>"; };
		4104A8D4273848AB00F5946B /* Nunito-BlackItalic.ttf */ = {isa = PBXFileReference; lastKnownFileType = file; path = "Nunito-BlackItalic.ttf"; sourceTree = "<group>"; };
		4104A8D5273848AB00F5946B /* Nunito-SemiBoldItalic.ttf */ = {isa = PBXFileReference; lastKnownFileType = file; path = "Nunito-SemiBoldItalic.ttf"; sourceTree = "<group>"; };
		4104A8D6273848AB00F5946B /* Nunito-ExtraLight.ttf */ = {isa = PBXFileReference; lastKnownFileType = file; path = "Nunito-ExtraLight.ttf"; sourceTree = "<group>"; };
		4104A8D7273848AB00F5946B /* Nunito-SemiBold.ttf */ = {isa = PBXFileReference; lastKnownFileType = file; path = "Nunito-SemiBold.ttf"; sourceTree = "<group>"; };
		4104A8D8273848AB00F5946B /* Nunito-Italic.ttf */ = {isa = PBXFileReference; lastKnownFileType = file; path = "Nunito-Italic.ttf"; sourceTree = "<group>"; };
		4104A8D9273848AC00F5946B /* Nunito-Light.ttf */ = {isa = PBXFileReference; lastKnownFileType = file; path = "Nunito-Light.ttf"; sourceTree = "<group>"; };
		4104A8DA273848AC00F5946B /* Nunito-Bold.ttf */ = {isa = PBXFileReference; lastKnownFileType = file; path = "Nunito-Bold.ttf"; sourceTree = "<group>"; };
		4104A8DB273848AC00F5946B /* Nunito-Black.ttf */ = {isa = PBXFileReference; lastKnownFileType = file; path = "Nunito-Black.ttf"; sourceTree = "<group>"; };
		4104A8DC273848AC00F5946B /* Nunito-BoldItalic.ttf */ = {isa = PBXFileReference; lastKnownFileType = file; path = "Nunito-BoldItalic.ttf"; sourceTree = "<group>"; };
		4108D8D02762276800880E0B /* SignUpProtocols.swift */ = {isa = PBXFileReference; lastKnownFileType = sourcecode.swift; path = SignUpProtocols.swift; sourceTree = "<group>"; };
		4108D8D22762286400880E0B /* Enumerations.swift */ = {isa = PBXFileReference; lastKnownFileType = sourcecode.swift; path = Enumerations.swift; sourceTree = "<group>"; };
		4108D8D42762287900880E0B /* Protocols.swift */ = {isa = PBXFileReference; lastKnownFileType = sourcecode.swift; path = Protocols.swift; sourceTree = "<group>"; };
		4108D8DA27624C8600880E0B /* PersonalDetailsCollectionViewCellTextFields.swift */ = {isa = PBXFileReference; lastKnownFileType = sourcecode.swift; path = PersonalDetailsCollectionViewCellTextFields.swift; sourceTree = "<group>"; };
		4108D8DE2762A45D00880E0B /* CustomStackView.swift */ = {isa = PBXFileReference; lastKnownFileType = sourcecode.swift; path = CustomStackView.swift; sourceTree = "<group>"; };
		410B31F2276B32C300CE4180 /* Countries.json */ = {isa = PBXFileReference; fileEncoding = 4; lastKnownFileType = text.json; path = Countries.json; sourceTree = "<group>"; };
		4114ABC7275F92C900F1AB01 /* SignUpCollectionView.swift */ = {isa = PBXFileReference; lastKnownFileType = sourcecode.swift; path = SignUpCollectionView.swift; sourceTree = "<group>"; };
		4114ABCA275F94B400F1AB01 /* PersonalDetailsCollectionViewCell.swift */ = {isa = PBXFileReference; lastKnownFileType = sourcecode.swift; path = PersonalDetailsCollectionViewCell.swift; sourceTree = "<group>"; };
		4114ABCB275F94B400F1AB01 /* PersonalDetailsCollectionViewCell.xib */ = {isa = PBXFileReference; lastKnownFileType = file.xib; path = PersonalDetailsCollectionViewCell.xib; sourceTree = "<group>"; };
		4114ABD0275F960200F1AB01 /* AccountDetailsCollectionViewCell.swift */ = {isa = PBXFileReference; lastKnownFileType = sourcecode.swift; path = AccountDetailsCollectionViewCell.swift; sourceTree = "<group>"; };
		4114ABD1275F960200F1AB01 /* AccountDetailsCollectionViewCell.xib */ = {isa = PBXFileReference; lastKnownFileType = file.xib; path = AccountDetailsCollectionViewCell.xib; sourceTree = "<group>"; };
		4114ABD5275F966600F1AB01 /* SocialMediaDetailsCollectionViewCell.swift */ = {isa = PBXFileReference; lastKnownFileType = sourcecode.swift; path = SocialMediaDetailsCollectionViewCell.swift; sourceTree = "<group>"; };
		4114ABD6275F966600F1AB01 /* SocialMediaDetailsCollectionViewCell.xib */ = {isa = PBXFileReference; lastKnownFileType = file.xib; path = SocialMediaDetailsCollectionViewCell.xib; sourceTree = "<group>"; };
		411C7F69274BA8FE00C9710A /* LoginRouter.swift */ = {isa = PBXFileReference; lastKnownFileType = sourcecode.swift; path = LoginRouter.swift; sourceTree = "<group>"; };
		411C7F6A274BA8FE00C9710A /* LoginViewController.swift */ = {isa = PBXFileReference; lastKnownFileType = sourcecode.swift; path = LoginViewController.swift; sourceTree = "<group>"; };
		411C7F6B274BA8FE00C9710A /* LoginBuilder.swift */ = {isa = PBXFileReference; lastKnownFileType = sourcecode.swift; path = LoginBuilder.swift; sourceTree = "<group>"; };
		411C7F6C274BA8FE00C9710A /* LoginViewModel.swift */ = {isa = PBXFileReference; lastKnownFileType = sourcecode.swift; path = LoginViewModel.swift; sourceTree = "<group>"; };
		411C7F71274BA91300C9710A /* LoginViewController.storyboard */ = {isa = PBXFileReference; lastKnownFileType = file.storyboard; path = LoginViewController.storyboard; sourceTree = "<group>"; };
		413193B5276FFDD60006FE7B /* WhereDoYouLiveCitiesSearchBar.swift */ = {isa = PBXFileReference; lastKnownFileType = sourcecode.swift; path = WhereDoYouLiveCitiesSearchBar.swift; sourceTree = "<group>"; };
		413986FF2737F6F200C243F4 /* UIFont.swift */ = {isa = PBXFileReference; lastKnownFileType = sourcecode.swift; path = UIFont.swift; sourceTree = "<group>"; };
		4139870A2737FA3500C243F4 /* StartupRouter.swift */ = {isa = PBXFileReference; lastKnownFileType = sourcecode.swift; path = StartupRouter.swift; sourceTree = "<group>"; };
		4139870B2737FA3500C243F4 /* StartupViewController.swift */ = {isa = PBXFileReference; lastKnownFileType = sourcecode.swift; path = StartupViewController.swift; sourceTree = "<group>"; };
		4139870C2737FA3500C243F4 /* StartupBuilder.swift */ = {isa = PBXFileReference; lastKnownFileType = sourcecode.swift; path = StartupBuilder.swift; sourceTree = "<group>"; };
		4139870D2737FA3500C243F4 /* StartupViewModel.swift */ = {isa = PBXFileReference; lastKnownFileType = sourcecode.swift; path = StartupViewModel.swift; sourceTree = "<group>"; };
		413987142738052C00C243F4 /* StartupViewController.storyboard */ = {isa = PBXFileReference; lastKnownFileType = file.storyboard; path = StartupViewController.storyboard; sourceTree = "<group>"; };
		415E59782763EA7E009A013E /* WhereDoYouLiveCountriesRouter.swift */ = {isa = PBXFileReference; lastKnownFileType = sourcecode.swift; path = WhereDoYouLiveCountriesRouter.swift; sourceTree = "<group>"; };
		415E59792763EA7E009A013E /* WhereDoYouLiveCountriesViewController.swift */ = {isa = PBXFileReference; lastKnownFileType = sourcecode.swift; path = WhereDoYouLiveCountriesViewController.swift; sourceTree = "<group>"; };
		415E597A2763EA7E009A013E /* WhereDoYouLiveCountriesBuilder.swift */ = {isa = PBXFileReference; lastKnownFileType = sourcecode.swift; path = WhereDoYouLiveCountriesBuilder.swift; sourceTree = "<group>"; };
		415E597B2763EA7E009A013E /* WhereDoYouLiveCountriesViewModel.swift */ = {isa = PBXFileReference; lastKnownFileType = sourcecode.swift; path = WhereDoYouLiveCountriesViewModel.swift; sourceTree = "<group>"; };
		415E59802763EA94009A013E /* WhereDoYouLiveCountriesViewController.storyboard */ = {isa = PBXFileReference; lastKnownFileType = file.storyboard; path = WhereDoYouLiveCountriesViewController.storyboard; sourceTree = "<group>"; };
		415E59822763EB4E009A013E /* WhereDoYouLiveCountriesTableView.swift */ = {isa = PBXFileReference; lastKnownFileType = sourcecode.swift; path = WhereDoYouLiveCountriesTableView.swift; sourceTree = "<group>"; };
		415E59842763F28C009A013E /* PersonalDetailsCollectionViewCellViewModel.swift */ = {isa = PBXFileReference; lastKnownFileType = sourcecode.swift; path = PersonalDetailsCollectionViewCellViewModel.swift; sourceTree = "<group>"; };
		415E598C2764F1F8009A013E /* WhereDoYouLiveCitiesRouter.swift */ = {isa = PBXFileReference; lastKnownFileType = sourcecode.swift; path = WhereDoYouLiveCitiesRouter.swift; sourceTree = "<group>"; };
		415E598D2764F1F8009A013E /* WhereDoYouLiveCitiesViewController.swift */ = {isa = PBXFileReference; lastKnownFileType = sourcecode.swift; path = WhereDoYouLiveCitiesViewController.swift; sourceTree = "<group>"; };
		415E598E2764F1F8009A013E /* WhereDoYouLiveCitiesBuilder.swift */ = {isa = PBXFileReference; lastKnownFileType = sourcecode.swift; path = WhereDoYouLiveCitiesBuilder.swift; sourceTree = "<group>"; };
		415E598F2764F1F8009A013E /* WhereDoYouLiveCitiesViewModel.swift */ = {isa = PBXFileReference; lastKnownFileType = sourcecode.swift; path = WhereDoYouLiveCitiesViewModel.swift; sourceTree = "<group>"; };
		415E59942764F206009A013E /* WhereDoYouLiveCitiesViewController.storyboard */ = {isa = PBXFileReference; lastKnownFileType = file.storyboard; path = WhereDoYouLiveCitiesViewController.storyboard; sourceTree = "<group>"; };
		415E599C27650C7C009A013E /* CountryDTO.swift */ = {isa = PBXFileReference; lastKnownFileType = sourcecode.swift; path = CountryDTO.swift; sourceTree = "<group>"; };
		415E59A027650D77009A013E /* Country.swift */ = {isa = PBXFileReference; lastKnownFileType = sourcecode.swift; path = Country.swift; sourceTree = "<group>"; };
		417E58FE274D9CCD00447ED3 /* LoginTextFields.swift */ = {isa = PBXFileReference; lastKnownFileType = sourcecode.swift; path = LoginTextFields.swift; sourceTree = "<group>"; };
		418AD209275A6A51005AFE3C /* ForgotPasswordTextFields.swift */ = {isa = PBXFileReference; lastKnownFileType = sourcecode.swift; path = ForgotPasswordTextFields.swift; sourceTree = "<group>"; };
		418C413C275A5E310099BC5B /* ForgotPasswordRouter.swift */ = {isa = PBXFileReference; lastKnownFileType = sourcecode.swift; path = ForgotPasswordRouter.swift; sourceTree = "<group>"; };
		418C413D275A5E310099BC5B /* ForgotPasswordViewController.swift */ = {isa = PBXFileReference; lastKnownFileType = sourcecode.swift; path = ForgotPasswordViewController.swift; sourceTree = "<group>"; };
		418C413E275A5E310099BC5B /* ForgotPasswordBuilder.swift */ = {isa = PBXFileReference; lastKnownFileType = sourcecode.swift; path = ForgotPasswordBuilder.swift; sourceTree = "<group>"; };
		418C413F275A5E310099BC5B /* ForgotPasswordViewModel.swift */ = {isa = PBXFileReference; lastKnownFileType = sourcecode.swift; path = ForgotPasswordViewModel.swift; sourceTree = "<group>"; };
		418C4144275A5F3F0099BC5B /* ForgotPasswordViewController.storyboard */ = {isa = PBXFileReference; lastKnownFileType = file.storyboard; path = ForgotPasswordViewController.storyboard; sourceTree = "<group>"; };
		41B75622275EE4CE00C00E03 /* SignUpRouter.swift */ = {isa = PBXFileReference; lastKnownFileType = sourcecode.swift; path = SignUpRouter.swift; sourceTree = "<group>"; };
		41B75623275EE4CE00C00E03 /* SignUpViewController.swift */ = {isa = PBXFileReference; lastKnownFileType = sourcecode.swift; path = SignUpViewController.swift; sourceTree = "<group>"; };
		41B75624275EE4CE00C00E03 /* SignUpBuilder.swift */ = {isa = PBXFileReference; lastKnownFileType = sourcecode.swift; path = SignUpBuilder.swift; sourceTree = "<group>"; };
		41B75625275EE4CE00C00E03 /* SignUpViewModel.swift */ = {isa = PBXFileReference; lastKnownFileType = sourcecode.swift; path = SignUpViewModel.swift; sourceTree = "<group>"; };
		41B7562A275EE50900C00E03 /* SignUpViewController.storyboard */ = {isa = PBXFileReference; lastKnownFileType = file.storyboard; path = SignUpViewController.storyboard; sourceTree = "<group>"; };
		41BFE169276539BC00AC5570 /* CountryTableViewCell.swift */ = {isa = PBXFileReference; lastKnownFileType = sourcecode.swift; path = CountryTableViewCell.swift; sourceTree = "<group>"; };
		41BFE16A276539BC00AC5570 /* CountryTableViewCell.xib */ = {isa = PBXFileReference; lastKnownFileType = file.xib; path = CountryTableViewCell.xib; sourceTree = "<group>"; };
		41BFE16F27653A6300AC5570 /* CountryTableViewCellSummary.swift */ = {isa = PBXFileReference; lastKnownFileType = sourcecode.swift; path = CountryTableViewCellSummary.swift; sourceTree = "<group>"; };
		41BFE172276618C900AC5570 /* CityTableViewCell.swift */ = {isa = PBXFileReference; lastKnownFileType = sourcecode.swift; path = CityTableViewCell.swift; sourceTree = "<group>"; };
		41BFE173276618C900AC5570 /* CityTableViewCell.xib */ = {isa = PBXFileReference; lastKnownFileType = file.xib; path = CityTableViewCell.xib; sourceTree = "<group>"; };
		41BFE176276618E400AC5570 /* CityTableViewCellSummary.swift */ = {isa = PBXFileReference; lastKnownFileType = sourcecode.swift; path = CityTableViewCellSummary.swift; sourceTree = "<group>"; };
		41BFE17827661A2D00AC5570 /* WhereDoYouLiveCitiesTableView.swift */ = {isa = PBXFileReference; lastKnownFileType = sourcecode.swift; path = WhereDoYouLiveCitiesTableView.swift; sourceTree = "<group>"; };
		41F820B9276D077B0046B0EA /* NotificationName.swift */ = {isa = PBXFileReference; lastKnownFileType = sourcecode.swift; path = NotificationName.swift; sourceTree = "<group>"; };
		41F820C3276FD83B0046B0EA /* WhereCanWeFindYouRouter.swift */ = {isa = PBXFileReference; lastKnownFileType = sourcecode.swift; path = WhereCanWeFindYouRouter.swift; sourceTree = "<group>"; };
		41F820C4276FD83B0046B0EA /* WhereCanWeFindYouViewController.swift */ = {isa = PBXFileReference; lastKnownFileType = sourcecode.swift; path = WhereCanWeFindYouViewController.swift; sourceTree = "<group>"; };
		41F820C5276FD83B0046B0EA /* WhereCanWeFindYouBuilder.swift */ = {isa = PBXFileReference; lastKnownFileType = sourcecode.swift; path = WhereCanWeFindYouBuilder.swift; sourceTree = "<group>"; };
		41F820C6276FD83B0046B0EA /* WhereCanWeFindYouViewModel.swift */ = {isa = PBXFileReference; lastKnownFileType = sourcecode.swift; path = WhereCanWeFindYouViewModel.swift; sourceTree = "<group>"; };
		41F820CB276FD8510046B0EA /* WhereCanWeFindYouViewController.storyboard */ = {isa = PBXFileReference; lastKnownFileType = file.storyboard; path = WhereCanWeFindYouViewController.storyboard; sourceTree = "<group>"; };
		41F820CD276FDE260046B0EA /* WhereDoYouLiveCountriesSearchBar.swift */ = {isa = PBXFileReference; lastKnownFileType = sourcecode.swift; path = WhereDoYouLiveCountriesSearchBar.swift; sourceTree = "<group>"; };
		41F820CF276FE5920046B0EA /* SearchBar.swift */ = {isa = PBXFileReference; lastKnownFileType = sourcecode.swift; path = SearchBar.swift; sourceTree = "<group>"; };
		943CE5FA2546DFBC00CA93AA /* CustomView.swift */ = {isa = PBXFileReference; fileEncoding = 4; lastKnownFileType = sourcecode.swift; path = CustomView.swift; sourceTree = "<group>"; };
		943CE5FB2546DFBC00CA93AA /* CustomButton.swift */ = {isa = PBXFileReference; fileEncoding = 4; lastKnownFileType = sourcecode.swift; path = CustomButton.swift; sourceTree = "<group>"; };
		943CE5FC2546DFBC00CA93AA /* CustomImageView.swift */ = {isa = PBXFileReference; fileEncoding = 4; lastKnownFileType = sourcecode.swift; path = CustomImageView.swift; sourceTree = "<group>"; };
		945B159925595DC9003A65E0 /* TableParent.swift */ = {isa = PBXFileReference; fileEncoding = 4; lastKnownFileType = sourcecode.swift; path = TableParent.swift; sourceTree = "<group>"; };
		945B159B25595DC9003A65E0 /* Dynamic.swift */ = {isa = PBXFileReference; fileEncoding = 4; lastKnownFileType = sourcecode.swift; path = Dynamic.swift; sourceTree = "<group>"; };
		945B159D25595DC9003A65E0 /* CellsHelper.swift */ = {isa = PBXFileReference; fileEncoding = 4; lastKnownFileType = sourcecode.swift; path = CellsHelper.swift; sourceTree = "<group>"; };
		945B159E25595DC9003A65E0 /* ViewModel.swift */ = {isa = PBXFileReference; fileEncoding = 4; lastKnownFileType = sourcecode.swift; path = ViewModel.swift; sourceTree = "<group>"; };
		945B15A125595DC9003A65E0 /* UIColor.swift */ = {isa = PBXFileReference; fileEncoding = 4; lastKnownFileType = sourcecode.swift; path = UIColor.swift; sourceTree = "<group>"; };
		945B15A225595DC9003A65E0 /* Int.swift */ = {isa = PBXFileReference; fileEncoding = 4; lastKnownFileType = sourcecode.swift; path = Int.swift; sourceTree = "<group>"; };
		945B15A325595DC9003A65E0 /* UITableViewCell.swift */ = {isa = PBXFileReference; fileEncoding = 4; lastKnownFileType = sourcecode.swift; path = UITableViewCell.swift; sourceTree = "<group>"; };
		945B15A625595DC9003A65E0 /* UIImage.swift */ = {isa = PBXFileReference; fileEncoding = 4; lastKnownFileType = sourcecode.swift; path = UIImage.swift; sourceTree = "<group>"; };
		945B15A725595DC9003A65E0 /* Presenter.swift */ = {isa = PBXFileReference; fileEncoding = 4; lastKnownFileType = sourcecode.swift; path = Presenter.swift; sourceTree = "<group>"; };
		945B15A925595DC9003A65E0 /* Window.swift */ = {isa = PBXFileReference; fileEncoding = 4; lastKnownFileType = sourcecode.swift; path = Window.swift; sourceTree = "<group>"; };
		945B15AB25595DC9003A65E0 /* Cache.swift */ = {isa = PBXFileReference; fileEncoding = 4; lastKnownFileType = sourcecode.swift; path = Cache.swift; sourceTree = "<group>"; };
		A01CC49025D2FB3700404685 /* LocalizedKey.swift */ = {isa = PBXFileReference; lastKnownFileType = sourcecode.swift; path = LocalizedKey.swift; sourceTree = "<group>"; };
		CCB0201326A6EE3400214CB9 /* AppDelegate.swift */ = {isa = PBXFileReference; fileEncoding = 4; lastKnownFileType = sourcecode.swift; path = AppDelegate.swift; sourceTree = "<group>"; };
		CCB0201426A6EE3400214CB9 /* SceneDelegate.swift */ = {isa = PBXFileReference; fileEncoding = 4; lastKnownFileType = sourcecode.swift; path = SceneDelegate.swift; sourceTree = "<group>"; };
		CCB0205226A6EF6500214CB9 /* Container.swift */ = {isa = PBXFileReference; fileEncoding = 4; lastKnownFileType = sourcecode.swift; path = Container.swift; sourceTree = "<group>"; };
		CCB0206026A6F04500214CB9 /* ViewController.swift */ = {isa = PBXFileReference; fileEncoding = 4; lastKnownFileType = sourcecode.swift; path = ViewController.swift; sourceTree = "<group>"; };
		CCB0207126A6F12000214CB9 /* Date.swift */ = {isa = PBXFileReference; fileEncoding = 4; lastKnownFileType = sourcecode.swift; path = Date.swift; sourceTree = "<group>"; };
		CCB0207226A6F12000214CB9 /* String.swift */ = {isa = PBXFileReference; fileEncoding = 4; lastKnownFileType = sourcecode.swift; path = String.swift; sourceTree = "<group>"; };
		CCB0207426A6F12000214CB9 /* Array.swift */ = {isa = PBXFileReference; fileEncoding = 4; lastKnownFileType = sourcecode.swift; path = Array.swift; sourceTree = "<group>"; };
		CCB8F02B26A6F78900B510E1 /* Info.plist */ = {isa = PBXFileReference; fileEncoding = 4; lastKnownFileType = text.plist.xml; path = Info.plist; sourceTree = "<group>"; };
		E3D14DCC242D081B00436D51 /* Constants.swift */ = {isa = PBXFileReference; lastKnownFileType = sourcecode.swift; path = Constants.swift; sourceTree = "<group>"; };
/* End PBXFileReference section */

/* Begin PBXFrameworksBuildPhase section */
		3147D613241906FB00E741D3 /* Frameworks */ = {
			isa = PBXFrameworksBuildPhase;
			buildActionMask = 2147483647;
			files = (
				CCB0200A26A6EC2500214CB9 /* IQKeyboardManagerSwift in Frameworks */,
			);
			runOnlyForDeploymentPostprocessing = 0;
		};
/* End PBXFrameworksBuildPhase section */

/* Begin PBXGroup section */
		3147D60D241906FB00E741D3 = {
			isa = PBXGroup;
			children = (
				3147D618241906FB00E741D3 /* LostAnimals */,
				3147D617241906FB00E741D3 /* Products */,
			);
			sourceTree = "<group>";
		};
		3147D617241906FB00E741D3 /* Products */ = {
			isa = PBXGroup;
			children = (
				3147D616241906FB00E741D3 /* LostAnimals.app */,
			);
			name = Products;
			sourceTree = "<group>";
		};
		3147D618241906FB00E741D3 /* LostAnimals */ = {
			isa = PBXGroup;
			children = (
				CCB0203B26A6EE9D00214CB9 /* Common */,
				CCB0203D26A6EEC700214CB9 /* Data */,
				CCB0205126A6EF6500214CB9 /* DI */,
				41E0005D275A5B69003CAF90 /* Domain */,
				945B159825595DC9003A65E0 /* Helpers */,
				CCB0201126A6EE3400214CB9 /* Presentation */,
				3147D62E2419074F00E741D3 /* Resources */,
			);
			path = LostAnimals;
			sourceTree = "<group>";
		};
		3147D62E2419074F00E741D3 /* Resources */ = {
			isa = PBXGroup;
			children = (
				4104A8CE2738489500F5946B /* Fonts */,
				41BFE1672765392600AC5570 /* Jsons */,
				3147D622241906FD00E741D3 /* Assets.xcassets */,
			);
			path = Resources;
			sourceTree = "<group>";
		};
		31981E46241919BD00D25074 /* Custom Views */ = {
			isa = PBXGroup;
			children = (
				31981E47241919C400D25074 /* CustomTextField */,
			);
			path = "Custom Views";
			sourceTree = "<group>";
		};
		31981E47241919C400D25074 /* CustomTextField */ = {
			isa = PBXGroup;
			children = (
				31981E48241919D300D25074 /* CustomTextField.xib */,
				31981E4A24191A4500D25074 /* CustomTextField.swift */,
				31981E4C24191C2F00D25074 /* CustomTextField-Models.swift */,
			);
			path = CustomTextField;
			sourceTree = "<group>";
		};
		4104A8CE2738489500F5946B /* Fonts */ = {
			isa = PBXGroup;
			children = (
				4104A8DB273848AC00F5946B /* Nunito-Black.ttf */,
				4104A8D4273848AB00F5946B /* Nunito-BlackItalic.ttf */,
				4104A8DA273848AC00F5946B /* Nunito-Bold.ttf */,
				4104A8DC273848AC00F5946B /* Nunito-BoldItalic.ttf */,
				4104A8D2273848AB00F5946B /* Nunito-ExtraBold.ttf */,
				4104A8D3273848AB00F5946B /* Nunito-ExtraBoldItalic.ttf */,
				4104A8D6273848AB00F5946B /* Nunito-ExtraLight.ttf */,
				4104A8D0273848AB00F5946B /* Nunito-ExtraLightItalic.ttf */,
				4104A8D8273848AB00F5946B /* Nunito-Italic.ttf */,
				4104A8D9273848AC00F5946B /* Nunito-Light.ttf */,
				4104A8D1273848AB00F5946B /* Nunito-LightItalic.ttf */,
				4104A8CF273848AA00F5946B /* Nunito-Regular.ttf */,
				4104A8D7273848AB00F5946B /* Nunito-SemiBold.ttf */,
				4104A8D5273848AB00F5946B /* Nunito-SemiBoldItalic.ttf */,
			);
			path = Fonts;
			sourceTree = "<group>";
		};
		4114ABC9275F948200F1AB01 /* CollectionCells */ = {
			isa = PBXGroup;
			children = (
				4114ABCF275F951F00F1AB01 /* AccountDetails */,
				4114ABCE275F94C100F1AB01 /* PersonalDetails */,
				4114ABD4275F963F00F1AB01 /* SocialMediaDetails */,
			);
			path = CollectionCells;
			sourceTree = "<group>";
		};
		4114ABCE275F94C100F1AB01 /* PersonalDetails */ = {
			isa = PBXGroup;
			children = (
				4114ABCB275F94B400F1AB01 /* PersonalDetailsCollectionViewCell.xib */,
				4114ABCA275F94B400F1AB01 /* PersonalDetailsCollectionViewCell.swift */,
				415E59842763F28C009A013E /* PersonalDetailsCollectionViewCellViewModel.swift */,
				4108D8DA27624C8600880E0B /* PersonalDetailsCollectionViewCellTextFields.swift */,
			);
			path = PersonalDetails;
			sourceTree = "<group>";
		};
		4114ABCF275F951F00F1AB01 /* AccountDetails */ = {
			isa = PBXGroup;
			children = (
				4114ABD1275F960200F1AB01 /* AccountDetailsCollectionViewCell.xib */,
				4114ABD0275F960200F1AB01 /* AccountDetailsCollectionViewCell.swift */,
			);
			path = AccountDetails;
			sourceTree = "<group>";
		};
		4114ABD4275F963F00F1AB01 /* SocialMediaDetails */ = {
			isa = PBXGroup;
			children = (
				4114ABD6275F966600F1AB01 /* SocialMediaDetailsCollectionViewCell.xib */,
				4114ABD5275F966600F1AB01 /* SocialMediaDetailsCollectionViewCell.swift */,
			);
			path = SocialMediaDetails;
			sourceTree = "<group>";
		};
		411C7F68274BA8CB00C9710A /* Login */ = {
			isa = PBXGroup;
			children = (
				411C7F71274BA91300C9710A /* LoginViewController.storyboard */,
				411C7F69274BA8FE00C9710A /* LoginRouter.swift */,
				411C7F6A274BA8FE00C9710A /* LoginViewController.swift */,
				411C7F6B274BA8FE00C9710A /* LoginBuilder.swift */,
				411C7F6C274BA8FE00C9710A /* LoginViewModel.swift */,
				417E58FE274D9CCD00447ED3 /* LoginTextFields.swift */,
			);
			path = Login;
			sourceTree = "<group>";
		};
		413987092737FA2600C243F4 /* Startup */ = {
			isa = PBXGroup;
			children = (
				413987142738052C00C243F4 /* StartupViewController.storyboard */,
				4139870A2737FA3500C243F4 /* StartupRouter.swift */,
				4139870B2737FA3500C243F4 /* StartupViewController.swift */,
				4139870C2737FA3500C243F4 /* StartupBuilder.swift */,
				4139870D2737FA3500C243F4 /* StartupViewModel.swift */,
			);
			path = Startup;
			sourceTree = "<group>";
		};
		415E596B2763E784009A013E /* WhereDoYouLive */ = {
			isa = PBXGroup;
			children = (
				415E59762763EA47009A013E /* WhereDoYouLiveCountries */,
				415E59772763EA57009A013E /* WhereDoYouLiveCities */,
			);
			path = WhereDoYouLive;
			sourceTree = "<group>";
		};
		415E59762763EA47009A013E /* WhereDoYouLiveCountries */ = {
			isa = PBXGroup;
			children = (
				415E59802763EA94009A013E /* WhereDoYouLiveCountriesViewController.storyboard */,
				415E59782763EA7E009A013E /* WhereDoYouLiveCountriesRouter.swift */,
				415E59792763EA7E009A013E /* WhereDoYouLiveCountriesViewController.swift */,
				415E597A2763EA7E009A013E /* WhereDoYouLiveCountriesBuilder.swift */,
				415E597B2763EA7E009A013E /* WhereDoYouLiveCountriesViewModel.swift */,
				415E59822763EB4E009A013E /* WhereDoYouLiveCountriesTableView.swift */,
				41F820CD276FDE260046B0EA /* WhereDoYouLiveCountriesSearchBar.swift */,
			);
			path = WhereDoYouLiveCountries;
			sourceTree = "<group>";
		};
		415E59772763EA57009A013E /* WhereDoYouLiveCities */ = {
			isa = PBXGroup;
			children = (
				415E59942764F206009A013E /* WhereDoYouLiveCitiesViewController.storyboard */,
				415E598C2764F1F8009A013E /* WhereDoYouLiveCitiesRouter.swift */,
				415E598D2764F1F8009A013E /* WhereDoYouLiveCitiesViewController.swift */,
				415E598E2764F1F8009A013E /* WhereDoYouLiveCitiesBuilder.swift */,
				415E598F2764F1F8009A013E /* WhereDoYouLiveCitiesViewModel.swift */,
				41BFE17827661A2D00AC5570 /* WhereDoYouLiveCitiesTableView.swift */,
				413193B5276FFDD60006FE7B /* WhereDoYouLiveCitiesSearchBar.swift */,
			);
			path = WhereDoYouLiveCities;
			sourceTree = "<group>";
		};
		41868B94272C072500F389AB /* Modules */ = {
			isa = PBXGroup;
			children = (
				418C413B275A5D000099BC5B /* ForgotPassword */,
				411C7F68274BA8CB00C9710A /* Login */,
				41B75621275EE4B000C00E03 /* SignUp */,
				413987092737FA2600C243F4 /* Startup */,
				41F820C2276FD8100046B0EA /* WhereCanWeFindYou */,
				415E596B2763E784009A013E /* WhereDoYouLive */,
			);
			path = Modules;
			sourceTree = "<group>";
		};
		418C413B275A5D000099BC5B /* ForgotPassword */ = {
			isa = PBXGroup;
			children = (
				418C4144275A5F3F0099BC5B /* ForgotPasswordViewController.storyboard */,
				418C413C275A5E310099BC5B /* ForgotPasswordRouter.swift */,
				418C413D275A5E310099BC5B /* ForgotPasswordViewController.swift */,
				418C413E275A5E310099BC5B /* ForgotPasswordBuilder.swift */,
				418C413F275A5E310099BC5B /* ForgotPasswordViewModel.swift */,
				418AD209275A6A51005AFE3C /* ForgotPasswordTextFields.swift */,
			);
			path = ForgotPassword;
			sourceTree = "<group>";
		};
		41B75621275EE4B000C00E03 /* SignUp */ = {
			isa = PBXGroup;
			children = (
				41B7562A275EE50900C00E03 /* SignUpViewController.storyboard */,
				41B75622275EE4CE00C00E03 /* SignUpRouter.swift */,
				41B75623275EE4CE00C00E03 /* SignUpViewController.swift */,
				41B75624275EE4CE00C00E03 /* SignUpBuilder.swift */,
				41B75625275EE4CE00C00E03 /* SignUpViewModel.swift */,
				4114ABC7275F92C900F1AB01 /* SignUpCollectionView.swift */,
				4108D8D02762276800880E0B /* SignUpProtocols.swift */,
			);
			path = SignUp;
			sourceTree = "<group>";
		};
		41BFE1672765392600AC5570 /* Jsons */ = {
			isa = PBXGroup;
			children = (
				410B31F2276B32C300CE4180 /* Countries.json */,
			);
			path = Jsons;
			sourceTree = "<group>";
		};
		41BFE1682765399D00AC5570 /* CountryTableViewCell */ = {
			isa = PBXGroup;
			children = (
				41BFE16A276539BC00AC5570 /* CountryTableViewCell.xib */,
				41BFE169276539BC00AC5570 /* CountryTableViewCell.swift */,
				41BFE16F27653A6300AC5570 /* CountryTableViewCellSummary.swift */,
			);
			path = CountryTableViewCell;
			sourceTree = "<group>";
		};
		41BFE171276618AF00AC5570 /* CityTableViewCell */ = {
			isa = PBXGroup;
			children = (
				41BFE173276618C900AC5570 /* CityTableViewCell.xib */,
				41BFE172276618C900AC5570 /* CityTableViewCell.swift */,
				41BFE176276618E400AC5570 /* CityTableViewCellSummary.swift */,
			);
			path = CityTableViewCell;
			sourceTree = "<group>";
		};
		41E0005D275A5B69003CAF90 /* Domain */ = {
			isa = PBXGroup;
			children = (
				41E0005E275A5B6E003CAF90 /* Entity */,
			);
			path = Domain;
			sourceTree = "<group>";
		};
		41E0005E275A5B6E003CAF90 /* Entity */ = {
			isa = PBXGroup;
			children = (
				415E59A027650D77009A013E /* Country.swift */,
			);
			path = Entity;
			sourceTree = "<group>";
		};
		41E0005F275A5B79003CAF90 /* API */ = {
			isa = PBXGroup;
			children = (
			);
			path = API;
			sourceTree = "<group>";
		};
		41E00060275A5B99003CAF90 /* TableCells */ = {
			isa = PBXGroup;
			children = (
				41BFE171276618AF00AC5570 /* CityTableViewCell */,
				41BFE1682765399D00AC5570 /* CountryTableViewCell */,
			);
			path = TableCells;
			sourceTree = "<group>";
		};
		41F820C2276FD8100046B0EA /* WhereCanWeFindYou */ = {
			isa = PBXGroup;
			children = (
				41F820CB276FD8510046B0EA /* WhereCanWeFindYouViewController.storyboard */,
				41F820C3276FD83B0046B0EA /* WhereCanWeFindYouRouter.swift */,
				41F820C4276FD83B0046B0EA /* WhereCanWeFindYouViewController.swift */,
				41F820C5276FD83B0046B0EA /* WhereCanWeFindYouBuilder.swift */,
				41F820C6276FD83B0046B0EA /* WhereCanWeFindYouViewModel.swift */,
			);
			path = WhereCanWeFindYou;
			sourceTree = "<group>";
		};
		943CE5F92546DFBC00CA93AA /* Designables */ = {
			isa = PBXGroup;
			children = (
				943CE5FA2546DFBC00CA93AA /* CustomView.swift */,
				943CE5FB2546DFBC00CA93AA /* CustomButton.swift */,
				943CE5FC2546DFBC00CA93AA /* CustomImageView.swift */,
				4108D8DE2762A45D00880E0B /* CustomStackView.swift */,
			);
			path = Designables;
			sourceTree = "<group>";
		};
		945B159825595DC9003A65E0 /* Helpers */ = {
			isa = PBXGroup;
			children = (
				945B159F25595DC9003A65E0 /* Extensions */,
				945B159925595DC9003A65E0 /* TableParent.swift */,
				945B159B25595DC9003A65E0 /* Dynamic.swift */,
				CCB0206026A6F04500214CB9 /* ViewController.swift */,
				945B159D25595DC9003A65E0 /* CellsHelper.swift */,
				945B159E25595DC9003A65E0 /* ViewModel.swift */,
				945B15A725595DC9003A65E0 /* Presenter.swift */,
				945B15A925595DC9003A65E0 /* Window.swift */,
				945B15AB25595DC9003A65E0 /* Cache.swift */,
				A01CC49025D2FB3700404685 /* LocalizedKey.swift */,
			);
			path = Helpers;
			sourceTree = "<group>";
		};
		945B159F25595DC9003A65E0 /* Extensions */ = {
			isa = PBXGroup;
			children = (
				CCB0207426A6F12000214CB9 /* Array.swift */,
				CCB0207126A6F12000214CB9 /* Date.swift */,
				CCB0207226A6F12000214CB9 /* String.swift */,
				945B15A125595DC9003A65E0 /* UIColor.swift */,
				413986FF2737F6F200C243F4 /* UIFont.swift */,
				945B15A225595DC9003A65E0 /* Int.swift */,
				41F820CF276FE5920046B0EA /* SearchBar.swift */,
				945B15A325595DC9003A65E0 /* UITableViewCell.swift */,
				945B15A625595DC9003A65E0 /* UIImage.swift */,
			);
			path = Extensions;
			sourceTree = "<group>";
		};
		CCB0201126A6EE3400214CB9 /* Presentation */ = {
			isa = PBXGroup;
			children = (
				CCB0201226A6EE3400214CB9 /* App */,
				CCB0201526A6EE3400214CB9 /* CustomElements */,
				41868B94272C072500F389AB /* Modules */,
			);
			path = Presentation;
			sourceTree = "<group>";
		};
		CCB0201226A6EE3400214CB9 /* App */ = {
			isa = PBXGroup;
			children = (
				CCB0201326A6EE3400214CB9 /* AppDelegate.swift */,
				CCB0201426A6EE3400214CB9 /* SceneDelegate.swift */,
			);
			path = App;
			sourceTree = "<group>";
		};
		CCB0201526A6EE3400214CB9 /* CustomElements */ = {
			isa = PBXGroup;
			children = (
				41E00060275A5B99003CAF90 /* TableCells */,
				4114ABC9275F948200F1AB01 /* CollectionCells */,
				943CE5F92546DFBC00CA93AA /* Designables */,
				31981E46241919BD00D25074 /* Custom Views */,
			);
			path = CustomElements;
			sourceTree = "<group>";
		};
		CCB0203B26A6EE9D00214CB9 /* Common */ = {
			isa = PBXGroup;
			children = (
				E3D14DCB242D080B00436D51 /* Configuration */,
				CCB0203C26A6EEAD00214CB9 /* Supporting Files */,
			);
			path = Common;
			sourceTree = "<group>";
		};
		CCB0203C26A6EEAD00214CB9 /* Supporting Files */ = {
			isa = PBXGroup;
			children = (
				CCB8F02B26A6F78900B510E1 /* Info.plist */,
				3147D624241906FD00E741D3 /* LaunchScreen.storyboard */,
			);
			path = "Supporting Files";
			sourceTree = "<group>";
		};
		CCB0203D26A6EEC700214CB9 /* Data */ = {
			isa = PBXGroup;
			children = (
				CCB0204326A6EF0B00214CB9 /* DTO */,
				41E0005F275A5B79003CAF90 /* API */,
			);
			path = Data;
			sourceTree = "<group>";
		};
		CCB0204326A6EF0B00214CB9 /* DTO */ = {
			isa = PBXGroup;
			children = (
				415E599C27650C7C009A013E /* CountryDTO.swift */,
			);
			path = DTO;
			sourceTree = "<group>";
		};
		CCB0205126A6EF6500214CB9 /* DI */ = {
			isa = PBXGroup;
			children = (
				CCB0205226A6EF6500214CB9 /* Container.swift */,
			);
			path = DI;
			sourceTree = "<group>";
		};
		E3D14DCB242D080B00436D51 /* Configuration */ = {
			isa = PBXGroup;
			children = (
				E3D14DCC242D081B00436D51 /* Constants.swift */,
				4108D8D22762286400880E0B /* Enumerations.swift */,
				41F820B9276D077B0046B0EA /* NotificationName.swift */,
				4108D8D42762287900880E0B /* Protocols.swift */,
			);
			path = Configuration;
			sourceTree = "<group>";
		};
/* End PBXGroup section */

/* Begin PBXNativeTarget section */
		3147D615241906FB00E741D3 /* LostAnimals */ = {
			isa = PBXNativeTarget;
			buildConfigurationList = 3147D62A241906FD00E741D3 /* Build configuration list for PBXNativeTarget "LostAnimals" */;
			buildPhases = (
				3147D612241906FB00E741D3 /* Sources */,
				3147D613241906FB00E741D3 /* Frameworks */,
				3147D614241906FB00E741D3 /* Resources */,
			);
			buildRules = (
			);
			dependencies = (
			);
			name = LostAnimals;
			packageProductDependencies = (
				CCB0200926A6EC2500214CB9 /* IQKeyboardManagerSwift */,
			);
			productName = Template;
			productReference = 3147D616241906FB00E741D3 /* LostAnimals.app */;
			productType = "com.apple.product-type.application";
		};
/* End PBXNativeTarget section */

/* Begin PBXProject section */
		3147D60E241906FB00E741D3 /* Project object */ = {
			isa = PBXProject;
			attributes = {
				LastSwiftUpdateCheck = 1130;
				LastUpgradeCheck = 1250;
				ORGANIZATIONNAME = Rudo;
				TargetAttributes = {
					3147D615241906FB00E741D3 = {
						CreatedOnToolsVersion = 11.3.1;
					};
				};
			};
			buildConfigurationList = 3147D611241906FB00E741D3 /* Build configuration list for PBXProject "LostAnimals" */;
			compatibilityVersion = "Xcode 9.3";
			developmentRegion = en;
			hasScannedForEncodings = 0;
			knownRegions = (
				en,
				Base,
			);
			mainGroup = 3147D60D241906FB00E741D3;
			packageReferences = (
				CCB0200826A6EC2500214CB9 /* XCRemoteSwiftPackageReference "IQKeyboardManager" */,
			);
			productRefGroup = 3147D617241906FB00E741D3 /* Products */;
			projectDirPath = "";
			projectRoot = "";
			targets = (
				3147D615241906FB00E741D3 /* LostAnimals */,
			);
		};
/* End PBXProject section */

/* Begin PBXResourcesBuildPhase section */
		3147D614241906FB00E741D3 /* Resources */ = {
			isa = PBXResourcesBuildPhase;
			buildActionMask = 2147483647;
			files = (
				4187195C275BFA6D00C993BC /* Nunito-Black.ttf in Resources */,
				4187195D275BFA6D00C993BC /* Nunito-BlackItalic.ttf in Resources */,
				4187195E275BFA6D00C993BC /* Nunito-Bold.ttf in Resources */,
				41F820CC276FD8510046B0EA /* WhereCanWeFindYouViewController.storyboard in Resources */,
				4187195F275BFA6D00C993BC /* Nunito-BoldItalic.ttf in Resources */,
				41871960275BFA6D00C993BC /* Nunito-ExtraBold.ttf in Resources */,
				41871961275BFA6D00C993BC /* Nunito-ExtraBoldItalic.ttf in Resources */,
				41871962275BFA6D00C993BC /* Nunito-ExtraLight.ttf in Resources */,
				41871963275BFA6D00C993BC /* Nunito-ExtraLightItalic.ttf in Resources */,
				41871964275BFA6D00C993BC /* Nunito-Italic.ttf in Resources */,
				41871965275BFA6D00C993BC /* Nunito-Light.ttf in Resources */,
				41BFE175276618C900AC5570 /* CityTableViewCell.xib in Resources */,
				41871966275BFA6D00C993BC /* Nunito-LightItalic.ttf in Resources */,
				41871967275BFA6D00C993BC /* Nunito-Regular.ttf in Resources */,
				4114ABCD275F94B400F1AB01 /* PersonalDetailsCollectionViewCell.xib in Resources */,
				41871968275BFA6D00C993BC /* Nunito-SemiBold.ttf in Resources */,
				4114ABD8275F966600F1AB01 /* SocialMediaDetailsCollectionViewCell.xib in Resources */,
				41871969275BFA6D00C993BC /* Nunito-SemiBoldItalic.ttf in Resources */,
				4114ABD3275F960200F1AB01 /* AccountDetailsCollectionViewCell.xib in Resources */,
				41B7562B275EE50900C00E03 /* SignUpViewController.storyboard in Resources */,
				415E59952764F206009A013E /* WhereDoYouLiveCitiesViewController.storyboard in Resources */,
				31981E49241919D300D25074 /* CustomTextField.xib in Resources */,
				415E59812763EA94009A013E /* WhereDoYouLiveCountriesViewController.storyboard in Resources */,
				418C4145275A5F3F0099BC5B /* ForgotPasswordViewController.storyboard in Resources */,
				3147D626241906FD00E741D3 /* LaunchScreen.storyboard in Resources */,
				41BFE16C276539BC00AC5570 /* CountryTableViewCell.xib in Resources */,
				413987152738052C00C243F4 /* StartupViewController.storyboard in Resources */,
				3147D623241906FD00E741D3 /* Assets.xcassets in Resources */,
				410B31F3276B32C300CE4180 /* Countries.json in Resources */,
				411C7F72274BA91300C9710A /* LoginViewController.storyboard in Resources */,
			);
			runOnlyForDeploymentPostprocessing = 0;
		};
/* End PBXResourcesBuildPhase section */

/* Begin PBXSourcesBuildPhase section */
		3147D612241906FB00E741D3 /* Sources */ = {
			isa = PBXSourcesBuildPhase;
			buildActionMask = 2147483647;
			files = (
				41B75626275EE4CE00C00E03 /* SignUpRouter.swift in Sources */,
				4114ABCC275F94B400F1AB01 /* PersonalDetailsCollectionViewCell.swift in Sources */,
				411C7F6E274BA8FE00C9710A /* LoginViewController.swift in Sources */,
				418C4140275A5E310099BC5B /* ForgotPasswordRouter.swift in Sources */,
				CCB0207626A6F12000214CB9 /* String.swift in Sources */,
				415E59852763F28C009A013E /* PersonalDetailsCollectionViewCellViewModel.swift in Sources */,
				41BFE177276618E400AC5570 /* CityTableViewCellSummary.swift in Sources */,
				411C7F6F274BA8FE00C9710A /* LoginBuilder.swift in Sources */,
				41F820C7276FD83B0046B0EA /* WhereCanWeFindYouRouter.swift in Sources */,
				41B75627275EE4CE00C00E03 /* SignUpViewController.swift in Sources */,
				417E58FF274D9CCD00447ED3 /* LoginTextFields.swift in Sources */,
				415E59932764F1F8009A013E /* WhereDoYouLiveCitiesViewModel.swift in Sources */,
				943CE5FD2546DFBC00CA93AA /* CustomView.swift in Sources */,
				945B15AC25595DC9003A65E0 /* TableParent.swift in Sources */,
				4108D8D32762286400880E0B /* Enumerations.swift in Sources */,
				4114ABD2275F960200F1AB01 /* AccountDetailsCollectionViewCell.swift in Sources */,
				4139870F2737FA3500C243F4 /* StartupViewController.swift in Sources */,
				945B15BD25595DC9003A65E0 /* Cache.swift in Sources */,
				31981E4B24191A4500D25074 /* CustomTextField.swift in Sources */,
				4108D8DB27624C8600880E0B /* PersonalDetailsCollectionViewCellTextFields.swift in Sources */,
				4108D8D12762276800880E0B /* SignUpProtocols.swift in Sources */,
				418C4141275A5E310099BC5B /* ForgotPasswordViewController.swift in Sources */,
				E3D14DCD242D081B00436D51 /* Constants.swift in Sources */,
				943CE5FF2546DFBC00CA93AA /* CustomImageView.swift in Sources */,
				4139870E2737FA3500C243F4 /* StartupRouter.swift in Sources */,
				415E597F2763EA7E009A013E /* WhereDoYouLiveCountriesViewModel.swift in Sources */,
				CCB0202B26A6EE3400214CB9 /* SceneDelegate.swift in Sources */,
				CCB0207826A6F12000214CB9 /* Array.swift in Sources */,
				413987102737FA3500C243F4 /* StartupBuilder.swift in Sources */,
				4108D8D52762287900880E0B /* Protocols.swift in Sources */,
				945B15B325595DC9003A65E0 /* UIColor.swift in Sources */,
				945B15AE25595DC9003A65E0 /* Dynamic.swift in Sources */,
				415E597E2763EA7E009A013E /* WhereDoYouLiveCountriesBuilder.swift in Sources */,
				41F820CA276FD83B0046B0EA /* WhereCanWeFindYouViewModel.swift in Sources */,
				413987112737FA3500C243F4 /* StartupViewModel.swift in Sources */,
				4108D8DF2762A45D00880E0B /* CustomStackView.swift in Sources */,
				41F820C9276FD83B0046B0EA /* WhereCanWeFindYouBuilder.swift in Sources */,
				41B75628275EE4CE00C00E03 /* SignUpBuilder.swift in Sources */,
				CCB0206726A6F04500214CB9 /* ViewController.swift in Sources */,
				41F820CE276FDE260046B0EA /* WhereDoYouLiveCountriesSearchBar.swift in Sources */,
				945B15B125595DC9003A65E0 /* ViewModel.swift in Sources */,
				415E59922764F1F8009A013E /* WhereDoYouLiveCitiesBuilder.swift in Sources */,
				41F820D0276FE5920046B0EA /* SearchBar.swift in Sources */,
				4114ABD7275F966600F1AB01 /* SocialMediaDetailsCollectionViewCell.swift in Sources */,
				945B15B825595DC9003A65E0 /* UIImage.swift in Sources */,
				A01CC49125D2FB3700404685 /* LocalizedKey.swift in Sources */,
				945B15B025595DC9003A65E0 /* CellsHelper.swift in Sources */,
				945B15B925595DC9003A65E0 /* Presenter.swift in Sources */,
				4114ABC8275F92C900F1AB01 /* SignUpCollectionView.swift in Sources */,
				413193B6276FFDD60006FE7B /* WhereDoYouLiveCitiesSearchBar.swift in Sources */,
				41F820BA276D077B0046B0EA /* NotificationName.swift in Sources */,
				41BFE17927661A2D00AC5570 /* WhereDoYouLiveCitiesTableView.swift in Sources */,
				415E599D27650C7C009A013E /* CountryDTO.swift in Sources */,
				31981E4D24191C2F00D25074 /* CustomTextField-Models.swift in Sources */,
				945B15B425595DC9003A65E0 /* Int.swift in Sources */,
				41F820C8276FD83B0046B0EA /* WhereCanWeFindYouViewController.swift in Sources */,
				41B75629275EE4CE00C00E03 /* SignUpViewModel.swift in Sources */,
				943CE5FE2546DFBC00CA93AA /* CustomButton.swift in Sources */,
				415E59902764F1F8009A013E /* WhereDoYouLiveCitiesRouter.swift in Sources */,
				945B15B525595DC9003A65E0 /* UITableViewCell.swift in Sources */,
				418AD20A275A6A51005AFE3C /* ForgotPasswordTextFields.swift in Sources */,
				41BFE174276618C900AC5570 /* CityTableViewCell.swift in Sources */,
				41BFE16B276539BC00AC5570 /* CountryTableViewCell.swift in Sources */,
				CCB0207526A6F12000214CB9 /* Date.swift in Sources */,
				415E59A127650D77009A013E /* Country.swift in Sources */,
				945B15BB25595DC9003A65E0 /* Window.swift in Sources */,
				418C4142275A5E310099BC5B /* ForgotPasswordBuilder.swift in Sources */,
				413987002737F6F200C243F4 /* UIFont.swift in Sources */,
				415E597D2763EA7E009A013E /* WhereDoYouLiveCountriesViewController.swift in Sources */,
				CCB0205326A6EF6500214CB9 /* Container.swift in Sources */,
				CCB0202A26A6EE3400214CB9 /* AppDelegate.swift in Sources */,
				415E59912764F1F8009A013E /* WhereDoYouLiveCitiesViewController.swift in Sources */,
				41BFE17027653A6300AC5570 /* CountryTableViewCellSummary.swift in Sources */,
				411C7F6D274BA8FE00C9710A /* LoginRouter.swift in Sources */,
				418C4143275A5E310099BC5B /* ForgotPasswordViewModel.swift in Sources */,
				411C7F70274BA8FE00C9710A /* LoginViewModel.swift in Sources */,
				415E59832763EB4E009A013E /* WhereDoYouLiveCountriesTableView.swift in Sources */,
				415E597C2763EA7E009A013E /* WhereDoYouLiveCountriesRouter.swift in Sources */,
			);
			runOnlyForDeploymentPostprocessing = 0;
		};
/* End PBXSourcesBuildPhase section */

/* Begin PBXVariantGroup section */
		3147D624241906FD00E741D3 /* LaunchScreen.storyboard */ = {
			isa = PBXVariantGroup;
			children = (
				3147D625241906FD00E741D3 /* Base */,
			);
			name = LaunchScreen.storyboard;
			sourceTree = "<group>";
		};
/* End PBXVariantGroup section */

/* Begin XCBuildConfiguration section */
		3147D628241906FD00E741D3 /* Debug */ = {
			isa = XCBuildConfiguration;
			buildSettings = {
				ALWAYS_SEARCH_USER_PATHS = NO;
				CLANG_ANALYZER_NONNULL = YES;
				CLANG_ANALYZER_NUMBER_OBJECT_CONVERSION = YES_AGGRESSIVE;
				CLANG_CXX_LANGUAGE_STANDARD = "gnu++14";
				CLANG_CXX_LIBRARY = "libc++";
				CLANG_ENABLE_MODULES = YES;
				CLANG_ENABLE_OBJC_ARC = YES;
				CLANG_ENABLE_OBJC_WEAK = YES;
				CLANG_WARN_BLOCK_CAPTURE_AUTORELEASING = YES;
				CLANG_WARN_BOOL_CONVERSION = YES;
				CLANG_WARN_COMMA = YES;
				CLANG_WARN_CONSTANT_CONVERSION = YES;
				CLANG_WARN_DEPRECATED_OBJC_IMPLEMENTATIONS = YES;
				CLANG_WARN_DIRECT_OBJC_ISA_USAGE = YES_ERROR;
				CLANG_WARN_DOCUMENTATION_COMMENTS = YES;
				CLANG_WARN_EMPTY_BODY = YES;
				CLANG_WARN_ENUM_CONVERSION = YES;
				CLANG_WARN_INFINITE_RECURSION = YES;
				CLANG_WARN_INT_CONVERSION = YES;
				CLANG_WARN_NON_LITERAL_NULL_CONVERSION = YES;
				CLANG_WARN_OBJC_IMPLICIT_RETAIN_SELF = YES;
				CLANG_WARN_OBJC_LITERAL_CONVERSION = YES;
				CLANG_WARN_OBJC_ROOT_CLASS = YES_ERROR;
				CLANG_WARN_QUOTED_INCLUDE_IN_FRAMEWORK_HEADER = YES;
				CLANG_WARN_RANGE_LOOP_ANALYSIS = YES;
				CLANG_WARN_STRICT_PROTOTYPES = YES;
				CLANG_WARN_SUSPICIOUS_MOVE = YES;
				CLANG_WARN_UNGUARDED_AVAILABILITY = YES_AGGRESSIVE;
				CLANG_WARN_UNREACHABLE_CODE = YES;
				CLANG_WARN__DUPLICATE_METHOD_MATCH = YES;
				COPY_PHASE_STRIP = NO;
				DEBUG_INFORMATION_FORMAT = dwarf;
				ENABLE_STRICT_OBJC_MSGSEND = YES;
				ENABLE_TESTABILITY = YES;
				GCC_C_LANGUAGE_STANDARD = gnu11;
				GCC_DYNAMIC_NO_PIC = NO;
				GCC_NO_COMMON_BLOCKS = YES;
				GCC_OPTIMIZATION_LEVEL = 0;
				GCC_PREPROCESSOR_DEFINITIONS = (
					"DEBUG=1",
					"$(inherited)",
				);
				GCC_WARN_64_TO_32_BIT_CONVERSION = YES;
				GCC_WARN_ABOUT_RETURN_TYPE = YES_ERROR;
				GCC_WARN_UNDECLARED_SELECTOR = YES;
				GCC_WARN_UNINITIALIZED_AUTOS = YES_AGGRESSIVE;
				GCC_WARN_UNUSED_FUNCTION = YES;
				GCC_WARN_UNUSED_VARIABLE = YES;
				IPHONEOS_DEPLOYMENT_TARGET = 13.0;
				MTL_ENABLE_DEBUG_INFO = INCLUDE_SOURCE;
				MTL_FAST_MATH = YES;
				ONLY_ACTIVE_ARCH = YES;
				SDKROOT = iphoneos;
				SWIFT_ACTIVE_COMPILATION_CONDITIONS = DEBUG;
				SWIFT_OPTIMIZATION_LEVEL = "-Onone";
			};
			name = Debug;
		};
		3147D629241906FD00E741D3 /* Release */ = {
			isa = XCBuildConfiguration;
			buildSettings = {
				ALWAYS_SEARCH_USER_PATHS = NO;
				CLANG_ANALYZER_NONNULL = YES;
				CLANG_ANALYZER_NUMBER_OBJECT_CONVERSION = YES_AGGRESSIVE;
				CLANG_CXX_LANGUAGE_STANDARD = "gnu++14";
				CLANG_CXX_LIBRARY = "libc++";
				CLANG_ENABLE_MODULES = YES;
				CLANG_ENABLE_OBJC_ARC = YES;
				CLANG_ENABLE_OBJC_WEAK = YES;
				CLANG_WARN_BLOCK_CAPTURE_AUTORELEASING = YES;
				CLANG_WARN_BOOL_CONVERSION = YES;
				CLANG_WARN_COMMA = YES;
				CLANG_WARN_CONSTANT_CONVERSION = YES;
				CLANG_WARN_DEPRECATED_OBJC_IMPLEMENTATIONS = YES;
				CLANG_WARN_DIRECT_OBJC_ISA_USAGE = YES_ERROR;
				CLANG_WARN_DOCUMENTATION_COMMENTS = YES;
				CLANG_WARN_EMPTY_BODY = YES;
				CLANG_WARN_ENUM_CONVERSION = YES;
				CLANG_WARN_INFINITE_RECURSION = YES;
				CLANG_WARN_INT_CONVERSION = YES;
				CLANG_WARN_NON_LITERAL_NULL_CONVERSION = YES;
				CLANG_WARN_OBJC_IMPLICIT_RETAIN_SELF = YES;
				CLANG_WARN_OBJC_LITERAL_CONVERSION = YES;
				CLANG_WARN_OBJC_ROOT_CLASS = YES_ERROR;
				CLANG_WARN_QUOTED_INCLUDE_IN_FRAMEWORK_HEADER = YES;
				CLANG_WARN_RANGE_LOOP_ANALYSIS = YES;
				CLANG_WARN_STRICT_PROTOTYPES = YES;
				CLANG_WARN_SUSPICIOUS_MOVE = YES;
				CLANG_WARN_UNGUARDED_AVAILABILITY = YES_AGGRESSIVE;
				CLANG_WARN_UNREACHABLE_CODE = YES;
				CLANG_WARN__DUPLICATE_METHOD_MATCH = YES;
				COPY_PHASE_STRIP = NO;
				DEBUG_INFORMATION_FORMAT = "dwarf-with-dsym";
				ENABLE_NS_ASSERTIONS = NO;
				ENABLE_STRICT_OBJC_MSGSEND = YES;
				GCC_C_LANGUAGE_STANDARD = gnu11;
				GCC_NO_COMMON_BLOCKS = YES;
				GCC_WARN_64_TO_32_BIT_CONVERSION = YES;
				GCC_WARN_ABOUT_RETURN_TYPE = YES_ERROR;
				GCC_WARN_UNDECLARED_SELECTOR = YES;
				GCC_WARN_UNINITIALIZED_AUTOS = YES_AGGRESSIVE;
				GCC_WARN_UNUSED_FUNCTION = YES;
				GCC_WARN_UNUSED_VARIABLE = YES;
				IPHONEOS_DEPLOYMENT_TARGET = 13.0;
				MTL_ENABLE_DEBUG_INFO = NO;
				MTL_FAST_MATH = YES;
				SDKROOT = iphoneos;
				SWIFT_COMPILATION_MODE = wholemodule;
				SWIFT_OPTIMIZATION_LEVEL = "-O";
				VALIDATE_PRODUCT = YES;
			};
			name = Release;
		};
		3147D62B241906FD00E741D3 /* Debug */ = {
			isa = XCBuildConfiguration;
			buildSettings = {
				ASSETCATALOG_COMPILER_APPICON_NAME = AppIcon;
				CODE_SIGN_STYLE = Automatic;
				DEVELOPMENT_TEAM = FTAKQJ3877;
				INFOPLIST_FILE = "$(SRCROOT)/LostAnimals/Common/Supporting Files/Info.plist";
				IPHONEOS_DEPLOYMENT_TARGET = 13.0;
				LD_RUNPATH_SEARCH_PATHS = (
					"$(inherited)",
					"@executable_path/Frameworks",
				);
				PRODUCT_BUNDLE_IDENTIFIER = com.lostanimals;
				PRODUCT_NAME = "$(TARGET_NAME)";
				SWIFT_VERSION = 5.0;
				TARGETED_DEVICE_FAMILY = 1;
			};
			name = Debug;
		};
		3147D62C241906FD00E741D3 /* Release */ = {
			isa = XCBuildConfiguration;
			buildSettings = {
				ASSETCATALOG_COMPILER_APPICON_NAME = AppIcon;
				CODE_SIGN_STYLE = Automatic;
				DEVELOPMENT_TEAM = FTAKQJ3877;
				INFOPLIST_FILE = "$(SRCROOT)/LostAnimals/Common/Supporting Files/Info.plist";
				IPHONEOS_DEPLOYMENT_TARGET = 13.0;
				LD_RUNPATH_SEARCH_PATHS = (
					"$(inherited)",
					"@executable_path/Frameworks",
				);
				PRODUCT_BUNDLE_IDENTIFIER = com.lostanimals;
				PRODUCT_NAME = "$(TARGET_NAME)";
				SWIFT_VERSION = 5.0;
				TARGETED_DEVICE_FAMILY = 1;
			};
			name = Release;
		};
/* End XCBuildConfiguration section */

/* Begin XCConfigurationList section */
		3147D611241906FB00E741D3 /* Build configuration list for PBXProject "LostAnimals" */ = {
			isa = XCConfigurationList;
			buildConfigurations = (
				3147D628241906FD00E741D3 /* Debug */,
				3147D629241906FD00E741D3 /* Release */,
			);
			defaultConfigurationIsVisible = 0;
			defaultConfigurationName = Release;
		};
		3147D62A241906FD00E741D3 /* Build configuration list for PBXNativeTarget "LostAnimals" */ = {
			isa = XCConfigurationList;
			buildConfigurations = (
				3147D62B241906FD00E741D3 /* Debug */,
				3147D62C241906FD00E741D3 /* Release */,
			);
			defaultConfigurationIsVisible = 0;
			defaultConfigurationName = Release;
		};
/* End XCConfigurationList section */

/* Begin XCRemoteSwiftPackageReference section */
		CCB0200826A6EC2500214CB9 /* XCRemoteSwiftPackageReference "IQKeyboardManager" */ = {
			isa = XCRemoteSwiftPackageReference;
			repositoryURL = "https://github.com/hackiftekhar/IQKeyboardManager.git";
			requirement = {
				kind = upToNextMajorVersion;
				minimumVersion = 6.5.6;
			};
		};
/* End XCRemoteSwiftPackageReference section */

/* Begin XCSwiftPackageProductDependency section */
		CCB0200926A6EC2500214CB9 /* IQKeyboardManagerSwift */ = {
			isa = XCSwiftPackageProductDependency;
			package = CCB0200826A6EC2500214CB9 /* XCRemoteSwiftPackageReference "IQKeyboardManager" */;
			productName = IQKeyboardManagerSwift;
		};
/* End XCSwiftPackageProductDependency section */
	};
	rootObject = 3147D60E241906FB00E741D3 /* Project object */;
}
